# This file is autogenerated, do not edit; changes may be undone by the next 'dep ensure'.


[[projects]]
  branch = "master"
  digest = "1:3a44acdcf12ff7ebcfff05da5044a66d20058a1b5a3e8d20595a1b9683e3b580"
  name = "github.com/bitrise-io/go-steputils"
  packages = [
    "cache",
    "stepconf",
    "tools",
  ]
  pruneopts = "UT"
  revision = "3c98d95a94d51624a26e99419d0fc03d2aab0055"

[[projects]]
  branch = "master"
  digest = "1:a3740ba88004bb9c411180619268ee8efb768520df2d6c6bf7ffeb66f82ddf1a"
  name = "github.com/bitrise-io/go-utils"
  packages = [
    "colorstring",
    "command",
    "command/rubycommand",
    "errorutil",
    "fileutil",
    "log",
    "parseutil",
    "pathutil",
    "pkcs12",
    "pkcs12/internal/rc2",
    "pointers",
    "sliceutil",
    "stringutil",
  ]
  pruneopts = "UT"
  revision = "5067a2a682f21030f379f88e853b9e0734a24516"

[[projects]]
  branch = "master"
  digest = "1:cfea6a1c89a891698eff4e542ca2920789f103529db09f8eccafbc2b1c93b7d8"
  name = "github.com/bitrise-io/go-xcode"
  packages = [
    "certificateutil",
    "exportoptions",
    "models",
    "plistutil",
    "profileutil",
    "simulator",
    "utility",
    "xcodebuild",
    "xcodecache",
    "xcpretty",
  ]
  pruneopts = "UT"
  revision = "95bf1e5fb205f81972e2450d227fa80748a5b322"

[[projects]]
  branch = "master"
  digest = "1:85c502298a8078ffdfee516cfb59bb5272c3adca032d1d26001da41042275851"
  name = "github.com/bitrise-io/xcode-project"
  packages = [
    ".",
    "pretty",
    "serialized",
    "xcodebuild",
    "xcodeproj",
    "xcscheme",
    "xcworkspace",
  ]
  pruneopts = "UT"
  revision = "389cf29e41c71dc02c83959c6fac72e8d476766a"

[[projects]]
  branch = "master"
  digest = "1:eab1c9dd3b31f9ac6a61501a668c8e529d5ea224e6533a2f6bc9b12f1bdaa002"
  name = "github.com/bitrise-steplib/steps-xcode-archive"
  packages = ["utils"]
  pruneopts = "UT"
  revision = "8b2aa80d6c8dea5055a9ffe213a6733ca1c99b95"

[[projects]]
  branch = "master"
  digest = "1:0bd05495dbd0567480e48eac9e6602d87875a8747b13c3c0fcb7c83c7c921776"
  name = "github.com/fullsailor/pkcs7"
  packages = ["."]
  pruneopts = "UT"
  revision = "d7302db945fa6ea264fb79d8e13e931ea514a602"

[[projects]]
  digest = "1:88e0b0baeb9072f0a4afbcf12dda615fc8be001d1802357538591155998da21b"
  name = "github.com/hashicorp/go-version"
  packages = ["."]
  pruneopts = "UT"
  revision = "ac23dc3fea5d1a983c43f6a0f6e2c13f0195d8bd"
  version = "v1.2.0"

[[projects]]
  branch = "master"
  digest = "1:400e113a367b511b9b09ca642ee11d9885485a93838526d697033af334a2fdde"
  name = "github.com/kballard/go-shellquote"
  packages = ["."]
  pruneopts = "UT"
  revision = "95032a82bc518f77982ea72343cc1ade730072f0"

[[projects]]
  digest = "1:cf31692c14422fa27c83a05292eb5cbe0fb2775972e8f1f8446a71549bd8980b"
  name = "github.com/pkg/errors"
  packages = ["."]
  pruneopts = "UT"
  revision = "ba968bfe8b2f7e042a574c888954fccecfa385b4"
  version = "v0.8.1"

[[projects]]
  digest = "1:6baa565fe16f8657cf93469b2b8a6c61a277827734400d27e44d589547297279"
  name = "github.com/ryanuber/go-glob"
  packages = ["."]
  pruneopts = "UT"
  revision = "51a8f68e6c24dc43f1e371749c89a267de4ebc53"
  version = "v1.0.0"

[[projects]]
  digest = "1:1093f2eb4b344996604f7d8b29a16c5b22ab9e1b25652140d3fede39f640d5cd"
  name = "golang.org/x/text"
  packages = [
    "internal/gen",
    "internal/triegen",
    "internal/ucd",
    "transform",
    "unicode/cldr",
    "unicode/norm",
  ]
  pruneopts = "UT"
  revision = "342b2e1fbaa52c93f31447ad2c6abc048c63e475"
  version = "v0.3.2"

[[projects]]
  branch = "master"
  digest = "1:c10265d5a71326618d37e97169eddb3582f78e8ac7dcf87403b4cf619efd519a"
  name = "howett.net/plist"
  packages = ["."]
  pruneopts = "UT"
  revision = "591f970eefbbeb04d7b37f334a0c4c3256e32876"

[solve-meta]
  analyzer-name = "dep"
  analyzer-version = 1
  input-imports = [
    "github.com/bitrise-io/go-steputils/stepconf",
    "github.com/bitrise-io/go-steputils/tools",
    "github.com/bitrise-io/go-utils/colorstring",
    "github.com/bitrise-io/go-utils/command",
    "github.com/bitrise-io/go-utils/errorutil",
    "github.com/bitrise-io/go-utils/log",
    "github.com/bitrise-io/go-utils/pathutil",
    "github.com/bitrise-io/go-utils/stringutil",
    "github.com/bitrise-io/go-xcode/simulator",
    "github.com/bitrise-io/go-xcode/utility",
    "github.com/bitrise-io/go-xcode/xcodebuild",
    "github.com/bitrise-io/go-xcode/xcodecache",
    "github.com/bitrise-io/go-xcode/xcpretty",
    "github.com/bitrise-io/xcode-project/serialized",
    "github.com/bitrise-io/xcode-project/xcodeproj",
    "github.com/bitrise-io/xcode-project/xcscheme",
    "github.com/bitrise-io/xcode-project/xcworkspace",
    "github.com/bitrise-steplib/steps-xcode-archive/utils",
    "github.com/kballard/go-shellquote",
  ]
  solver-name = "gps-cdcl"
  solver-version = 1
