# This file is autogenerated, do not edit; changes may be undone by the next 'dep ensure'.


[[projects]]
  branch = "master"
  digest = "1:5e4f167418977858782db1d8820e8c2ccd368c8857e0806bcbd07d0bc09e1e38"
  name = "github.com/bitrise-io/go-steputils"
  packages = [
    "cache",
    "stepconf",
    "tools",
  ]
  pruneopts = "UT"
  revision = "f540824d77dfd382ce84fd0ee0a9da2fba1cce0a"

[[projects]]
  branch = "master"
  digest = "1:e3f061ae1fab72e7e741d97e4ea7574644f9cd71a33390fa4aacb052edfaa646"
  name = "github.com/bitrise-io/go-utils"
  packages = [
    "colorstring",
    "command",
    "command/rubycommand",
    "errorutil",
    "fileutil",
    "log",
    "parseutil",
    "pathutil",
    "pkcs12",
    "pkcs12/internal/rc2",
    "pointers",
    "sliceutil",
    "stringutil",
  ]
  pruneopts = "UT"
  revision = "3aa93c2266790b9bc3c7002b21eb95c28782cb10"

[[projects]]
  branch = "master"
  digest = "1:286ebed3552c6a0d7194fef7bf1cffe7728df79729fd288e5059b02ef4b9fd5d"
  name = "github.com/bitrise-io/go-xcode"
  packages = [
    "certificateutil",
    "exportoptions",
    "models",
    "plistutil",
    "profileutil",
    "simulator",
    "utility",
    "xcodebuild",
    "xcodecache",
    "xcpretty",
  ]
  pruneopts = "UT"
  revision = "19cbfe6430acc193d779847a13be0b8585d866c1"

[[projects]]
  branch = "master"
  digest = "1:96dce0e947311f3985d20c3f368e71a4d281c916d3e3b85566f867f4a22980a3"
  name = "github.com/bitrise-io/xcode-project"
  packages = [
    ".",
    "pretty",
    "serialized",
    "xcodebuild",
    "xcodeproj",
    "xcscheme",
    "xcworkspace",
  ]
  pruneopts = "UT"
  revision = "a4e01d69cacc7dd9acbe8fb987dba69c9ce01b1c"

[[projects]]
  branch = "master"
  digest = "1:eab1c9dd3b31f9ac6a61501a668c8e529d5ea224e6533a2f6bc9b12f1bdaa002"
  name = "github.com/bitrise-steplib/steps-xcode-archive"
  packages = ["utils"]
  pruneopts = "UT"
  revision = "d25b478ae7b83f6b6d2353014381dd17e801147c"

[[projects]]
  branch = "master"
  digest = "1:0bd05495dbd0567480e48eac9e6602d87875a8747b13c3c0fcb7c83c7c921776"
  name = "github.com/fullsailor/pkcs7"
  packages = ["."]
  pruneopts = "UT"
  revision = "d7302db945fa6ea264fb79d8e13e931ea514a602"

[[projects]]
  digest = "1:88e0b0baeb9072f0a4afbcf12dda615fc8be001d1802357538591155998da21b"
  name = "github.com/hashicorp/go-version"
  packages = ["."]
  pruneopts = "UT"
  revision = "ac23dc3fea5d1a983c43f6a0f6e2c13f0195d8bd"
  version = "v1.2.0"

[[projects]]
  branch = "master"
  digest = "1:400e113a367b511b9b09ca642ee11d9885485a93838526d697033af334a2fdde"
  name = "github.com/kballard/go-shellquote"
  packages = ["."]
  pruneopts = "UT"
  revision = "95032a82bc518f77982ea72343cc1ade730072f0"

[[projects]]
  digest = "1:cf31692c14422fa27c83a05292eb5cbe0fb2775972e8f1f8446a71549bd8980b"
  name = "github.com/pkg/errors"
  packages = ["."]
  pruneopts = "UT"
  revision = "ba968bfe8b2f7e042a574c888954fccecfa385b4"
  version = "v0.8.1"

[[projects]]
  digest = "1:6baa565fe16f8657cf93469b2b8a6c61a277827734400d27e44d589547297279"
  name = "github.com/ryanuber/go-glob"
  packages = ["."]
  pruneopts = "UT"
  revision = "51a8f68e6c24dc43f1e371749c89a267de4ebc53"
  version = "v1.0.0"

[[projects]]
  digest = "1:1093f2eb4b344996604f7d8b29a16c5b22ab9e1b25652140d3fede39f640d5cd"
  name = "golang.org/x/text"
  packages = [
    "internal/gen",
    "internal/triegen",
    "internal/ucd",
    "transform",
    "unicode/cldr",
    "unicode/norm",
  ]
  pruneopts = "UT"
  revision = "342b2e1fbaa52c93f31447ad2c6abc048c63e475"
  version = "v0.3.2"

[[projects]]
  branch = "master"
  digest = "1:c10265d5a71326618d37e97169eddb3582f78e8ac7dcf87403b4cf619efd519a"
  name = "howett.net/plist"
  packages = ["."]
  pruneopts = "UT"
  revision = "591f970eefbbeb04d7b37f334a0c4c3256e32876"

[solve-meta]
  analyzer-name = "dep"
  analyzer-version = 1
  input-imports = [
    "github.com/bitrise-io/go-steputils/stepconf",
    "github.com/bitrise-io/go-steputils/tools",
    "github.com/bitrise-io/go-utils/colorstring",
    "github.com/bitrise-io/go-utils/command",
    "github.com/bitrise-io/go-utils/errorutil",
    "github.com/bitrise-io/go-utils/log",
    "github.com/bitrise-io/go-utils/pathutil",
    "github.com/bitrise-io/go-utils/stringutil",
    "github.com/bitrise-io/go-xcode/simulator",
    "github.com/bitrise-io/go-xcode/utility",
    "github.com/bitrise-io/go-xcode/xcodebuild",
    "github.com/bitrise-io/go-xcode/xcodecache",
    "github.com/bitrise-io/go-xcode/xcpretty",
    "github.com/bitrise-io/xcode-project/serialized",
    "github.com/bitrise-io/xcode-project/xcodeproj",
    "github.com/bitrise-io/xcode-project/xcscheme",
    "github.com/bitrise-io/xcode-project/xcworkspace",
    "github.com/bitrise-steplib/steps-xcode-archive/utils",
    "github.com/kballard/go-shellquote",
  ]
  solver-name = "gps-cdcl"
  solver-version = 1
